{
    "requires": true,
    "lockfileVersion": 1,
    "dependencies": {
        "sweetalert2": {
            "version": "11.1.1",
            "resolved": "https://registry.npmjs.org/sweetalert2/-/sweetalert2-11.1.1.tgz",
            "integrity": "sha512-DIi9/fwxWhP72ft3SpqbpF+nQpw2xbO1nRVkhuQVLgPoAffLfHy1rlVsMFn3Kmi7tSQHFV6P5q3sYgQz1VBm0g=="
        }
    }
}
